// !$*UTF8*$!
{
	archiveVersion = 1;
	classes = {
	};
	objectVersion = 50;
	objects = {

/* Begin PBXBuildFile section */
		00DF36FE9B4AE45A12B9A586 /* Pods_SI_Converter_SI_ConverterUITests.framework in Frameworks */ = {isa = PBXBuildFile; fileRef = 5D9F68A27CCD8F0372469492 /* Pods_SI_Converter_SI_ConverterUITests.framework */; };
		922A1BBC1AAA451471B19841 /* Pods_SI_ConverterTests.framework in Frameworks */ = {isa = PBXBuildFile; fileRef = C600186CDAE83C6F5F7167F7 /* Pods_SI_ConverterTests.framework */; };
		B0523F9F0295991F147D2264 /* Pods_SI_Converter.framework in Frameworks */ = {isa = PBXBuildFile; fileRef = 828B1527F7E09E0961CCAB4E /* Pods_SI_Converter.framework */; };
		CC1021EB2664F7D7004560CA /* Time.swift in Sources */ = {isa = PBXBuildFile; fileRef = CC1021EA2664F7D7004560CA /* Time.swift */; };
		CC1021F02664F7EB004560CA /* TimeViewController.swift in Sources */ = {isa = PBXBuildFile; fileRef = CC1021EF2664F7EB004560CA /* TimeViewController.swift */; };
		CC1021FF26656945004560CA /* LengthTest.swift in Sources */ = {isa = PBXBuildFile; fileRef = CC1021FE26656945004560CA /* LengthTest.swift */; };
		CC1022082665C125004560CA /* AmountOfSubstance.swift in Sources */ = {isa = PBXBuildFile; fileRef = CC1022072665C125004560CA /* AmountOfSubstance.swift */; };
		CC1022102665C146004560CA /* AmountOfSubstanceViewController.swift in Sources */ = {isa = PBXBuildFile; fileRef = CC10220F2665C146004560CA /* AmountOfSubstanceViewController.swift */; };
		CC10221626665C09004560CA /* ElectricCurrent.swift in Sources */ = {isa = PBXBuildFile; fileRef = CC10221526665C09004560CA /* ElectricCurrent.swift */; };
		CC10221E26665C1D004560CA /* ElectricCurrentViewController.swift in Sources */ = {isa = PBXBuildFile; fileRef = CC10221D26665C1D004560CA /* ElectricCurrentViewController.swift */; };
		CC5779BE2662827D00243429 /* LengthViewController.swift in Sources */ = {isa = PBXBuildFile; fileRef = CC5779BD2662827D00243429 /* LengthViewController.swift */; };
		CC5779CC2664468E00243429 /* Length.swift in Sources */ = {isa = PBXBuildFile; fileRef = CC5779CB2664468E00243429 /* Length.swift */; };
		CC5779D12664777200243429 /* README.md in Resources */ = {isa = PBXBuildFile; fileRef = CC5779D02664777200243429 /* README.md */; };
		CCBCA9142661C90900847642 /* AppDelegate.swift in Sources */ = {isa = PBXBuildFile; fileRef = CCBCA9132661C90900847642 /* AppDelegate.swift */; };
		CCBCA9162661C90900847642 /* ViewController.swift in Sources */ = {isa = PBXBuildFile; fileRef = CCBCA9152661C90900847642 /* ViewController.swift */; };
		CCBCA9182661C90B00847642 /* Assets.xcassets in Resources */ = {isa = PBXBuildFile; fileRef = CCBCA9172661C90B00847642 /* Assets.xcassets */; };
		CCBCA91B2661C90B00847642 /* Main.storyboard in Resources */ = {isa = PBXBuildFile; fileRef = CCBCA9192661C90B00847642 /* Main.storyboard */; };
		CCBCA9322661C90B00847642 /* SI_ConverterUITests.swift in Sources */ = {isa = PBXBuildFile; fileRef = CCBCA9312661C90B00847642 /* SI_ConverterUITests.swift */; };
/* End PBXBuildFile section */

/* Begin PBXContainerItemProxy section */
		CCBCA9232661C90B00847642 /* PBXContainerItemProxy */ = {
			isa = PBXContainerItemProxy;
			containerPortal = CCBCA9082661C90900847642 /* Project object */;
			proxyType = 1;
			remoteGlobalIDString = CCBCA90F2661C90900847642;
			remoteInfo = "SI Converter";
		};
		CCBCA92E2661C90B00847642 /* PBXContainerItemProxy */ = {
			isa = PBXContainerItemProxy;
			containerPortal = CCBCA9082661C90900847642 /* Project object */;
			proxyType = 1;
			remoteGlobalIDString = CCBCA90F2661C90900847642;
			remoteInfo = "SI Converter";
		};
/* End PBXContainerItemProxy section */

/* Begin PBXFileReference section */
		28F1088BFA4F421902E46517 /* Pods-SI ConverterTests.debug.xcconfig */ = {isa = PBXFileReference; includeInIndex = 1; lastKnownFileType = text.xcconfig; name = "Pods-SI ConverterTests.debug.xcconfig"; path = "Target Support Files/Pods-SI ConverterTests/Pods-SI ConverterTests.debug.xcconfig"; sourceTree = "<group>"; };
		4ADB97D5240670BB47DDF8B5 /* Pods-SI Converter-SI ConverterUITests.release.xcconfig */ = {isa = PBXFileReference; includeInIndex = 1; lastKnownFileType = text.xcconfig; name = "Pods-SI Converter-SI ConverterUITests.release.xcconfig"; path = "Target Support Files/Pods-SI Converter-SI ConverterUITests/Pods-SI Converter-SI ConverterUITests.release.xcconfig"; sourceTree = "<group>"; };
		5D9F68A27CCD8F0372469492 /* Pods_SI_Converter_SI_ConverterUITests.framework */ = {isa = PBXFileReference; explicitFileType = wrapper.framework; includeInIndex = 0; path = Pods_SI_Converter_SI_ConverterUITests.framework; sourceTree = BUILT_PRODUCTS_DIR; };
		7AE8E5D06E48CD16E4B37BB3 /* Pods-SI ConverterTests.release.xcconfig */ = {isa = PBXFileReference; includeInIndex = 1; lastKnownFileType = text.xcconfig; name = "Pods-SI ConverterTests.release.xcconfig"; path = "Target Support Files/Pods-SI ConverterTests/Pods-SI ConverterTests.release.xcconfig"; sourceTree = "<group>"; };
		828B1527F7E09E0961CCAB4E /* Pods_SI_Converter.framework */ = {isa = PBXFileReference; explicitFileType = wrapper.framework; includeInIndex = 0; path = Pods_SI_Converter.framework; sourceTree = BUILT_PRODUCTS_DIR; };
		879480197E07C7045D68ED59 /* Pods-SI Converter-SI ConverterUITests.debug.xcconfig */ = {isa = PBXFileReference; includeInIndex = 1; lastKnownFileType = text.xcconfig; name = "Pods-SI Converter-SI ConverterUITests.debug.xcconfig"; path = "Target Support Files/Pods-SI Converter-SI ConverterUITests/Pods-SI Converter-SI ConverterUITests.debug.xcconfig"; sourceTree = "<group>"; };
		A4A23EF430C9B695E4AF7B3D /* Pods-SI Converter.release.xcconfig */ = {isa = PBXFileReference; includeInIndex = 1; lastKnownFileType = text.xcconfig; name = "Pods-SI Converter.release.xcconfig"; path = "Target Support Files/Pods-SI Converter/Pods-SI Converter.release.xcconfig"; sourceTree = "<group>"; };
		C600186CDAE83C6F5F7167F7 /* Pods_SI_ConverterTests.framework */ = {isa = PBXFileReference; explicitFileType = wrapper.framework; includeInIndex = 0; path = Pods_SI_ConverterTests.framework; sourceTree = BUILT_PRODUCTS_DIR; };
		CC1021EA2664F7D7004560CA /* Time.swift */ = {isa = PBXFileReference; lastKnownFileType = sourcecode.swift; path = Time.swift; sourceTree = "<group>"; };
		CC1021EF2664F7EB004560CA /* TimeViewController.swift */ = {isa = PBXFileReference; lastKnownFileType = sourcecode.swift; path = TimeViewController.swift; sourceTree = "<group>"; };
		CC1021FE26656945004560CA /* LengthTest.swift */ = {isa = PBXFileReference; lastKnownFileType = sourcecode.swift; path = LengthTest.swift; sourceTree = "<group>"; };
		CC1022072665C125004560CA /* AmountOfSubstance.swift */ = {isa = PBXFileReference; lastKnownFileType = sourcecode.swift; path = AmountOfSubstance.swift; sourceTree = "<group>"; };
		CC10220F2665C146004560CA /* AmountOfSubstanceViewController.swift */ = {isa = PBXFileReference; lastKnownFileType = sourcecode.swift; path = AmountOfSubstanceViewController.swift; sourceTree = "<group>"; };
		CC10221526665C09004560CA /* ElectricCurrent.swift */ = {isa = PBXFileReference; lastKnownFileType = sourcecode.swift; path = ElectricCurrent.swift; sourceTree = "<group>"; };
		CC10221D26665C1D004560CA /* ElectricCurrentViewController.swift */ = {isa = PBXFileReference; lastKnownFileType = sourcecode.swift; path = ElectricCurrentViewController.swift; sourceTree = "<group>"; };
		CC5779BD2662827D00243429 /* LengthViewController.swift */ = {isa = PBXFileReference; lastKnownFileType = sourcecode.swift; path = LengthViewController.swift; sourceTree = "<group>"; };
		CC5779CB2664468E00243429 /* Length.swift */ = {isa = PBXFileReference; lastKnownFileType = sourcecode.swift; path = Length.swift; sourceTree = "<group>"; };
		CC5779D02664777200243429 /* README.md */ = {isa = PBXFileReference; lastKnownFileType = net.daringfireball.markdown; path = README.md; sourceTree = "<group>"; };
		CCBCA9102661C90900847642 /* SI Converter.app */ = {isa = PBXFileReference; explicitFileType = wrapper.application; includeInIndex = 0; path = "SI Converter.app"; sourceTree = BUILT_PRODUCTS_DIR; };
		CCBCA9132661C90900847642 /* AppDelegate.swift */ = {isa = PBXFileReference; lastKnownFileType = sourcecode.swift; path = AppDelegate.swift; sourceTree = "<group>"; };
		CCBCA9152661C90900847642 /* ViewController.swift */ = {isa = PBXFileReference; lastKnownFileType = sourcecode.swift; path = ViewController.swift; sourceTree = "<group>"; };
		CCBCA9172661C90B00847642 /* Assets.xcassets */ = {isa = PBXFileReference; lastKnownFileType = folder.assetcatalog; path = Assets.xcassets; sourceTree = "<group>"; };
		CCBCA91A2661C90B00847642 /* Base */ = {isa = PBXFileReference; lastKnownFileType = file.storyboard; name = Base; path = Base.lproj/Main.storyboard; sourceTree = "<group>"; };
		CCBCA91C2661C90B00847642 /* Info.plist */ = {isa = PBXFileReference; lastKnownFileType = text.plist.xml; path = Info.plist; sourceTree = "<group>"; };
		CCBCA91D2661C90B00847642 /* SI_Converter.entitlements */ = {isa = PBXFileReference; lastKnownFileType = text.plist.entitlements; path = SI_Converter.entitlements; sourceTree = "<group>"; };
		CCBCA9222661C90B00847642 /* SI ConverterTests.xctest */ = {isa = PBXFileReference; explicitFileType = wrapper.cfbundle; includeInIndex = 0; path = "SI ConverterTests.xctest"; sourceTree = BUILT_PRODUCTS_DIR; };
		CCBCA9282661C90B00847642 /* Info.plist */ = {isa = PBXFileReference; lastKnownFileType = text.plist.xml; path = Info.plist; sourceTree = "<group>"; };
		CCBCA92D2661C90B00847642 /* SI ConverterUITests.xctest */ = {isa = PBXFileReference; explicitFileType = wrapper.cfbundle; includeInIndex = 0; path = "SI ConverterUITests.xctest"; sourceTree = BUILT_PRODUCTS_DIR; };
		CCBCA9312661C90B00847642 /* SI_ConverterUITests.swift */ = {isa = PBXFileReference; lastKnownFileType = sourcecode.swift; path = SI_ConverterUITests.swift; sourceTree = "<group>"; };
		CCBCA9332661C90B00847642 /* Info.plist */ = {isa = PBXFileReference; lastKnownFileType = text.plist.xml; path = Info.plist; sourceTree = "<group>"; };
		DBCE8B6A701F7C941CB11D22 /* Pods-SI Converter.debug.xcconfig */ = {isa = PBXFileReference; includeInIndex = 1; lastKnownFileType = text.xcconfig; name = "Pods-SI Converter.debug.xcconfig"; path = "Target Support Files/Pods-SI Converter/Pods-SI Converter.debug.xcconfig"; sourceTree = "<group>"; };
/* End PBXFileReference section */

/* Begin PBXFrameworksBuildPhase section */
		CCBCA90D2661C90900847642 /* Frameworks */ = {
			isa = PBXFrameworksBuildPhase;
			buildActionMask = 2147483647;
			files = (
				B0523F9F0295991F147D2264 /* Pods_SI_Converter.framework in Frameworks */,
			);
			runOnlyForDeploymentPostprocessing = 0;
		};
		CCBCA91F2661C90B00847642 /* Frameworks */ = {
			isa = PBXFrameworksBuildPhase;
			buildActionMask = 2147483647;
			files = (
				922A1BBC1AAA451471B19841 /* Pods_SI_ConverterTests.framework in Frameworks */,
			);
			runOnlyForDeploymentPostprocessing = 0;
		};
		CCBCA92A2661C90B00847642 /* Frameworks */ = {
			isa = PBXFrameworksBuildPhase;
			buildActionMask = 2147483647;
			files = (
				00DF36FE9B4AE45A12B9A586 /* Pods_SI_Converter_SI_ConverterUITests.framework in Frameworks */,
			);
			runOnlyForDeploymentPostprocessing = 0;
		};
/* End PBXFrameworksBuildPhase section */

/* Begin PBXGroup section */
		CC1021E92664F7C4004560CA /* Time */ = {
			isa = PBXGroup;
			children = (
				CC1021EA2664F7D7004560CA /* Time.swift */,
				CC1021EF2664F7EB004560CA /* TimeViewController.swift */,
			);
			path = Time;
			sourceTree = "<group>";
		};
		CC1022062665C10E004560CA /* Amount of substance */ = {
			isa = PBXGroup;
			children = (
				CC1022072665C125004560CA /* AmountOfSubstance.swift */,
				CC10220F2665C146004560CA /* AmountOfSubstanceViewController.swift */,
			);
			path = "Amount of substance";
			sourceTree = "<group>";
		};
		CC10221426665BF3004560CA /* Electric current */ = {
			isa = PBXGroup;
			children = (
				CC10221526665C09004560CA /* ElectricCurrent.swift */,
				CC10221D26665C1D004560CA /* ElectricCurrentViewController.swift */,
			);
			path = "Electric current";
			sourceTree = "<group>";
		};
		CC5779BC2662825500243429 /* Length */ = {
			isa = PBXGroup;
			children = (
				CC5779BD2662827D00243429 /* LengthViewController.swift */,
				CC5779CB2664468E00243429 /* Length.swift */,
			);
			path = Length;
			sourceTree = "<group>";
		};
		CCBCA9072661C90900847642 = {
			isa = PBXGroup;
			children = (
				CC5779D02664777200243429 /* README.md */,
				CCBCA9122661C90900847642 /* SI Converter */,
				CCBCA9252661C90B00847642 /* SI ConverterTests */,
				CCBCA9302661C90B00847642 /* SI ConverterUITests */,
				CCBCA9112661C90900847642 /* Products */,
				F5EEB6B0779AD31BAAADBCB5 /* Pods */,
				D10CF478B9EFC1C491142BEE /* Frameworks */,
			);
			sourceTree = "<group>";
		};
		CCBCA9112661C90900847642 /* Products */ = {
			isa = PBXGroup;
			children = (
				CCBCA9102661C90900847642 /* SI Converter.app */,
				CCBCA9222661C90B00847642 /* SI ConverterTests.xctest */,
				CCBCA92D2661C90B00847642 /* SI ConverterUITests.xctest */,
			);
			name = Products;
			sourceTree = "<group>";
		};
		CCBCA9122661C90900847642 /* SI Converter */ = {
			isa = PBXGroup;
			children = (
				CC10221426665BF3004560CA /* Electric current */,
				CC1022062665C10E004560CA /* Amount of substance */,
				CC1021E92664F7C4004560CA /* Time */,
				CC5779BC2662825500243429 /* Length */,
				CCBCA9132661C90900847642 /* AppDelegate.swift */,
				CCBCA9152661C90900847642 /* ViewController.swift */,
				CCBCA9172661C90B00847642 /* Assets.xcassets */,
				CCBCA9192661C90B00847642 /* Main.storyboard */,
				CCBCA91C2661C90B00847642 /* Info.plist */,
				CCBCA91D2661C90B00847642 /* SI_Converter.entitlements */,
			);
			path = "SI Converter";
			sourceTree = "<group>";
		};
		CCBCA9252661C90B00847642 /* SI ConverterTests */ = {
			isa = PBXGroup;
			children = (
				CCBCA9282661C90B00847642 /* Info.plist */,
				CC1021FE26656945004560CA /* LengthTest.swift */,
			);
			path = "SI ConverterTests";
			sourceTree = "<group>";
		};
		CCBCA9302661C90B00847642 /* SI ConverterUITests */ = {
			isa = PBXGroup;
			children = (
				CCBCA9312661C90B00847642 /* SI_ConverterUITests.swift */,
				CCBCA9332661C90B00847642 /* Info.plist */,
			);
			path = "SI ConverterUITests";
			sourceTree = "<group>";
		};
		D10CF478B9EFC1C491142BEE /* Frameworks */ = {
			isa = PBXGroup;
			children = (
				828B1527F7E09E0961CCAB4E /* Pods_SI_Converter.framework */,
				5D9F68A27CCD8F0372469492 /* Pods_SI_Converter_SI_ConverterUITests.framework */,
				C600186CDAE83C6F5F7167F7 /* Pods_SI_ConverterTests.framework */,
			);
			name = Frameworks;
			sourceTree = "<group>";
		};
		F5EEB6B0779AD31BAAADBCB5 /* Pods */ = {
			isa = PBXGroup;
			children = (
				DBCE8B6A701F7C941CB11D22 /* Pods-SI Converter.debug.xcconfig */,
				A4A23EF430C9B695E4AF7B3D /* Pods-SI Converter.release.xcconfig */,
				879480197E07C7045D68ED59 /* Pods-SI Converter-SI ConverterUITests.debug.xcconfig */,
				4ADB97D5240670BB47DDF8B5 /* Pods-SI Converter-SI ConverterUITests.release.xcconfig */,
				28F1088BFA4F421902E46517 /* Pods-SI ConverterTests.debug.xcconfig */,
				7AE8E5D06E48CD16E4B37BB3 /* Pods-SI ConverterTests.release.xcconfig */,
			);
			path = Pods;
			sourceTree = "<group>";
		};
/* End PBXGroup section */

/* Begin PBXNativeTarget section */
		CCBCA90F2661C90900847642 /* SI Converter */ = {
			isa = PBXNativeTarget;
			buildConfigurationList = CCBCA9362661C90B00847642 /* Build configuration list for PBXNativeTarget "SI Converter" */;
			buildPhases = (
				C9EC9189F9077F6C5DB347F0 /* [CP] Check Pods Manifest.lock */,
				CCBCA90C2661C90900847642 /* Sources */,
				CCBCA90D2661C90900847642 /* Frameworks */,
				CCBCA90E2661C90900847642 /* Resources */,
				CC5779D526647B9E00243429 /* Swiftlint */,
			);
			buildRules = (
			);
			dependencies = (
			);
			name = "SI Converter";
			productName = "SI Converter";
			productReference = CCBCA9102661C90900847642 /* SI Converter.app */;
			productType = "com.apple.product-type.application";
		};
		CCBCA9212661C90B00847642 /* SI ConverterTests */ = {
			isa = PBXNativeTarget;
			buildConfigurationList = CCBCA9392661C90B00847642 /* Build configuration list for PBXNativeTarget "SI ConverterTests" */;
			buildPhases = (
				AFC8E8B035B25EFBF139313A /* [CP] Check Pods Manifest.lock */,
				CCBCA91E2661C90B00847642 /* Sources */,
				CCBCA91F2661C90B00847642 /* Frameworks */,
				CCBCA9202661C90B00847642 /* Resources */,
			);
			buildRules = (
			);
			dependencies = (
				CCBCA9242661C90B00847642 /* PBXTargetDependency */,
			);
			name = "SI ConverterTests";
			productName = "SI ConverterTests";
			productReference = CCBCA9222661C90B00847642 /* SI ConverterTests.xctest */;
			productType = "com.apple.product-type.bundle.unit-test";
		};
		CCBCA92C2661C90B00847642 /* SI ConverterUITests */ = {
			isa = PBXNativeTarget;
			buildConfigurationList = CCBCA93C2661C90B00847642 /* Build configuration list for PBXNativeTarget "SI ConverterUITests" */;
			buildPhases = (
				55C506165DF154D3975E4DAC /* [CP] Check Pods Manifest.lock */,
				CCBCA9292661C90B00847642 /* Sources */,
				CCBCA92A2661C90B00847642 /* Frameworks */,
				CCBCA92B2661C90B00847642 /* Resources */,
			);
			buildRules = (
			);
			dependencies = (
				CCBCA92F2661C90B00847642 /* PBXTargetDependency */,
			);
			name = "SI ConverterUITests";
			productName = "SI ConverterUITests";
			productReference = CCBCA92D2661C90B00847642 /* SI ConverterUITests.xctest */;
			productType = "com.apple.product-type.bundle.ui-testing";
		};
/* End PBXNativeTarget section */

/* Begin PBXProject section */
		CCBCA9082661C90900847642 /* Project object */ = {
			isa = PBXProject;
			attributes = {
				LastSwiftUpdateCheck = 1240;
				LastUpgradeCheck = 1240;
				TargetAttributes = {
					CCBCA90F2661C90900847642 = {
						CreatedOnToolsVersion = 12.4;
					};
					CCBCA9212661C90B00847642 = {
						CreatedOnToolsVersion = 12.4;
						TestTargetID = CCBCA90F2661C90900847642;
					};
					CCBCA92C2661C90B00847642 = {
						CreatedOnToolsVersion = 12.4;
						TestTargetID = CCBCA90F2661C90900847642;
					};
				};
			};
			buildConfigurationList = CCBCA90B2661C90900847642 /* Build configuration list for PBXProject "SI Converter" */;
			compatibilityVersion = "Xcode 9.3";
			developmentRegion = en;
			hasScannedForEncodings = 0;
			knownRegions = (
				en,
				Base,
			);
			mainGroup = CCBCA9072661C90900847642;
			productRefGroup = CCBCA9112661C90900847642 /* Products */;
			projectDirPath = "";
			projectRoot = "";
			targets = (
				CCBCA90F2661C90900847642 /* SI Converter */,
				CCBCA9212661C90B00847642 /* SI ConverterTests */,
				CCBCA92C2661C90B00847642 /* SI ConverterUITests */,
			);
		};
/* End PBXProject section */

/* Begin PBXResourcesBuildPhase section */
		CCBCA90E2661C90900847642 /* Resources */ = {
			isa = PBXResourcesBuildPhase;
			buildActionMask = 2147483647;
			files = (
				CC5779D12664777200243429 /* README.md in Resources */,
				CCBCA9182661C90B00847642 /* Assets.xcassets in Resources */,
				CCBCA91B2661C90B00847642 /* Main.storyboard in Resources */,
			);
			runOnlyForDeploymentPostprocessing = 0;
		};
		CCBCA9202661C90B00847642 /* Resources */ = {
			isa = PBXResourcesBuildPhase;
			buildActionMask = 2147483647;
			files = (
			);
			runOnlyForDeploymentPostprocessing = 0;
		};
		CCBCA92B2661C90B00847642 /* Resources */ = {
			isa = PBXResourcesBuildPhase;
			buildActionMask = 2147483647;
			files = (
			);
			runOnlyForDeploymentPostprocessing = 0;
		};
/* End PBXResourcesBuildPhase section */

/* Begin PBXShellScriptBuildPhase section */
		55C506165DF154D3975E4DAC /* [CP] Check Pods Manifest.lock */ = {
			isa = PBXShellScriptBuildPhase;
			buildActionMask = 2147483647;
			files = (
			);
			inputFileListPaths = (
			);
			inputPaths = (
				"${PODS_PODFILE_DIR_PATH}/Podfile.lock",
				"${PODS_ROOT}/Manifest.lock",
			);
			name = "[CP] Check Pods Manifest.lock";
			outputFileListPaths = (
			);
			outputPaths = (
				"$(DERIVED_FILE_DIR)/Pods-SI Converter-SI ConverterUITests-checkManifestLockResult.txt",
			);
			runOnlyForDeploymentPostprocessing = 0;
			shellPath = /bin/sh;
			shellScript = "diff \"${PODS_PODFILE_DIR_PATH}/Podfile.lock\" \"${PODS_ROOT}/Manifest.lock\" > /dev/null\nif [ $? != 0 ] ; then\n    # print error to STDERR\n    echo \"error: The sandbox is not in sync with the Podfile.lock. Run 'pod install' or update your CocoaPods installation.\" >&2\n    exit 1\nfi\n# This output is used by Xcode 'outputs' to avoid re-running this script phase.\necho \"SUCCESS\" > \"${SCRIPT_OUTPUT_FILE_0}\"\n";
			showEnvVarsInLog = 0;
		};
		AFC8E8B035B25EFBF139313A /* [CP] Check Pods Manifest.lock */ = {
			isa = PBXShellScriptBuildPhase;
			buildActionMask = 2147483647;
			files = (
			);
			inputFileListPaths = (
			);
			inputPaths = (
				"${PODS_PODFILE_DIR_PATH}/Podfile.lock",
				"${PODS_ROOT}/Manifest.lock",
			);
			name = "[CP] Check Pods Manifest.lock";
			outputFileListPaths = (
			);
			outputPaths = (
				"$(DERIVED_FILE_DIR)/Pods-SI ConverterTests-checkManifestLockResult.txt",
			);
			runOnlyForDeploymentPostprocessing = 0;
			shellPath = /bin/sh;
			shellScript = "diff \"${PODS_PODFILE_DIR_PATH}/Podfile.lock\" \"${PODS_ROOT}/Manifest.lock\" > /dev/null\nif [ $? != 0 ] ; then\n    # print error to STDERR\n    echo \"error: The sandbox is not in sync with the Podfile.lock. Run 'pod install' or update your CocoaPods installation.\" >&2\n    exit 1\nfi\n# This output is used by Xcode 'outputs' to avoid re-running this script phase.\necho \"SUCCESS\" > \"${SCRIPT_OUTPUT_FILE_0}\"\n";
			showEnvVarsInLog = 0;
		};
		C9EC9189F9077F6C5DB347F0 /* [CP] Check Pods Manifest.lock */ = {
			isa = PBXShellScriptBuildPhase;
			buildActionMask = 2147483647;
			files = (
			);
			inputFileListPaths = (
			);
			inputPaths = (
				"${PODS_PODFILE_DIR_PATH}/Podfile.lock",
				"${PODS_ROOT}/Manifest.lock",
			);
			name = "[CP] Check Pods Manifest.lock";
			outputFileListPaths = (
			);
			outputPaths = (
				"$(DERIVED_FILE_DIR)/Pods-SI Converter-checkManifestLockResult.txt",
			);
			runOnlyForDeploymentPostprocessing = 0;
			shellPath = /bin/sh;
			shellScript = "diff \"${PODS_PODFILE_DIR_PATH}/Podfile.lock\" \"${PODS_ROOT}/Manifest.lock\" > /dev/null\nif [ $? != 0 ] ; then\n    # print error to STDERR\n    echo \"error: The sandbox is not in sync with the Podfile.lock. Run 'pod install' or update your CocoaPods installation.\" >&2\n    exit 1\nfi\n# This output is used by Xcode 'outputs' to avoid re-running this script phase.\necho \"SUCCESS\" > \"${SCRIPT_OUTPUT_FILE_0}\"\n";
			showEnvVarsInLog = 0;
		};
		CC5779D526647B9E00243429 /* Swiftlint */ = {
			isa = PBXShellScriptBuildPhase;
			buildActionMask = 2147483647;
			files = (
			);
			inputFileListPaths = (
			);
			inputPaths = (
			);
			name = Swiftlint;
			outputFileListPaths = (
			);
			outputPaths = (
			);
			runOnlyForDeploymentPostprocessing = 0;
			shellPath = /bin/sh;
			shellScript = "\"${PODS_ROOT}/SwiftLint/swiftlint\"\n";
		};
/* End PBXShellScriptBuildPhase section */

/* Begin PBXSourcesBuildPhase section */
		CCBCA90C2661C90900847642 /* Sources */ = {
			isa = PBXSourcesBuildPhase;
			buildActionMask = 2147483647;
			files = (
				CC1022102665C146004560CA /* AmountOfSubstanceViewController.swift in Sources */,
				CC5779BE2662827D00243429 /* LengthViewController.swift in Sources */,
				CC1021F02664F7EB004560CA /* TimeViewController.swift in Sources */,
				CC5779CC2664468E00243429 /* Length.swift in Sources */,
				CC10221626665C09004560CA /* ElectricCurrent.swift in Sources */,
				CC1021EB2664F7D7004560CA /* Time.swift in Sources */,
				CCBCA9162661C90900847642 /* ViewController.swift in Sources */,
				CC10221E26665C1D004560CA /* ElectricCurrentViewController.swift in Sources */,
				CCBCA9142661C90900847642 /* AppDelegate.swift in Sources */,
				CC1022082665C125004560CA /* AmountOfSubstance.swift in Sources */,
			);
			runOnlyForDeploymentPostprocessing = 0;
		};
		CCBCA91E2661C90B00847642 /* Sources */ = {
			isa = PBXSourcesBuildPhase;
			buildActionMask = 2147483647;
			files = (
				CC1021FF26656945004560CA /* LengthTest.swift in Sources */,
			);
			runOnlyForDeploymentPostprocessing = 0;
		};
		CCBCA9292661C90B00847642 /* Sources */ = {
			isa = PBXSourcesBuildPhase;
			buildActionMask = 2147483647;
			files = (
				CCBCA9322661C90B00847642 /* SI_ConverterUITests.swift in Sources */,
			);
			runOnlyForDeploymentPostprocessing = 0;
		};
/* End PBXSourcesBuildPhase section */

/* Begin PBXTargetDependency section */
		CCBCA9242661C90B00847642 /* PBXTargetDependency */ = {
			isa = PBXTargetDependency;
			target = CCBCA90F2661C90900847642 /* SI Converter */;
			targetProxy = CCBCA9232661C90B00847642 /* PBXContainerItemProxy */;
		};
		CCBCA92F2661C90B00847642 /* PBXTargetDependency */ = {
			isa = PBXTargetDependency;
			target = CCBCA90F2661C90900847642 /* SI Converter */;
			targetProxy = CCBCA92E2661C90B00847642 /* PBXContainerItemProxy */;
		};
/* End PBXTargetDependency section */

/* Begin PBXVariantGroup section */
		CCBCA9192661C90B00847642 /* Main.storyboard */ = {
			isa = PBXVariantGroup;
			children = (
				CCBCA91A2661C90B00847642 /* Base */,
			);
			name = Main.storyboard;
			sourceTree = "<group>";
		};
/* End PBXVariantGroup section */

/* Begin XCBuildConfiguration section */
		CCBCA9342661C90B00847642 /* Debug */ = {
			isa = XCBuildConfiguration;
			buildSettings = {
				ALWAYS_SEARCH_USER_PATHS = NO;
				CLANG_ANALYZER_NONNULL = YES;
				CLANG_ANALYZER_NUMBER_OBJECT_CONVERSION = YES_AGGRESSIVE;
				CLANG_CXX_LANGUAGE_STANDARD = "gnu++14";
				CLANG_CXX_LIBRARY = "libc++";
				CLANG_ENABLE_MODULES = YES;
				CLANG_ENABLE_OBJC_ARC = YES;
				CLANG_ENABLE_OBJC_WEAK = YES;
				CLANG_WARN_BLOCK_CAPTURE_AUTORELEASING = YES;
				CLANG_WARN_BOOL_CONVERSION = YES;
				CLANG_WARN_COMMA = YES;
				CLANG_WARN_CONSTANT_CONVERSION = YES;
				CLANG_WARN_DEPRECATED_OBJC_IMPLEMENTATIONS = YES;
				CLANG_WARN_DIRECT_OBJC_ISA_USAGE = YES_ERROR;
				CLANG_WARN_DOCUMENTATION_COMMENTS = YES;
				CLANG_WARN_EMPTY_BODY = YES;
				CLANG_WARN_ENUM_CONVERSION = YES;
				CLANG_WARN_INFINITE_RECURSION = YES;
				CLANG_WARN_INT_CONVERSION = YES;
				CLANG_WARN_NON_LITERAL_NULL_CONVERSION = YES;
				CLANG_WARN_OBJC_IMPLICIT_RETAIN_SELF = YES;
				CLANG_WARN_OBJC_LITERAL_CONVERSION = YES;
				CLANG_WARN_OBJC_ROOT_CLASS = YES_ERROR;
				CLANG_WARN_QUOTED_INCLUDE_IN_FRAMEWORK_HEADER = YES;
				CLANG_WARN_RANGE_LOOP_ANALYSIS = YES;
				CLANG_WARN_STRICT_PROTOTYPES = YES;
				CLANG_WARN_SUSPICIOUS_MOVE = YES;
				CLANG_WARN_UNGUARDED_AVAILABILITY = YES_AGGRESSIVE;
				CLANG_WARN_UNREACHABLE_CODE = YES;
				CLANG_WARN__DUPLICATE_METHOD_MATCH = YES;
				COPY_PHASE_STRIP = NO;
				DEBUG_INFORMATION_FORMAT = dwarf;
				ENABLE_STRICT_OBJC_MSGSEND = YES;
				ENABLE_TESTABILITY = YES;
				GCC_C_LANGUAGE_STANDARD = gnu11;
				GCC_DYNAMIC_NO_PIC = NO;
				GCC_NO_COMMON_BLOCKS = YES;
				GCC_OPTIMIZATION_LEVEL = 0;
				GCC_PREPROCESSOR_DEFINITIONS = (
					"DEBUG=1",
					"$(inherited)",
				);
				GCC_WARN_64_TO_32_BIT_CONVERSION = YES;
				GCC_WARN_ABOUT_RETURN_TYPE = YES_ERROR;
				GCC_WARN_UNDECLARED_SELECTOR = YES;
				GCC_WARN_UNINITIALIZED_AUTOS = YES_AGGRESSIVE;
				GCC_WARN_UNUSED_FUNCTION = YES;
				GCC_WARN_UNUSED_VARIABLE = YES;
				MACOSX_DEPLOYMENT_TARGET = 10.15;
				MTL_ENABLE_DEBUG_INFO = INCLUDE_SOURCE;
				MTL_FAST_MATH = YES;
				ONLY_ACTIVE_ARCH = YES;
				SDKROOT = macosx;
				SWIFT_ACTIVE_COMPILATION_CONDITIONS = DEBUG;
				SWIFT_OPTIMIZATION_LEVEL = "-Onone";
			};
			name = Debug;
		};
		CCBCA9352661C90B00847642 /* Release */ = {
			isa = XCBuildConfiguration;
			buildSettings = {
				ALWAYS_SEARCH_USER_PATHS = NO;
				CLANG_ANALYZER_NONNULL = YES;
				CLANG_ANALYZER_NUMBER_OBJECT_CONVERSION = YES_AGGRESSIVE;
				CLANG_CXX_LANGUAGE_STANDARD = "gnu++14";
				CLANG_CXX_LIBRARY = "libc++";
				CLANG_ENABLE_MODULES = YES;
				CLANG_ENABLE_OBJC_ARC = YES;
				CLANG_ENABLE_OBJC_WEAK = YES;
				CLANG_WARN_BLOCK_CAPTURE_AUTORELEASING = YES;
				CLANG_WARN_BOOL_CONVERSION = YES;
				CLANG_WARN_COMMA = YES;
				CLANG_WARN_CONSTANT_CONVERSION = YES;
				CLANG_WARN_DEPRECATED_OBJC_IMPLEMENTATIONS = YES;
				CLANG_WARN_DIRECT_OBJC_ISA_USAGE = YES_ERROR;
				CLANG_WARN_DOCUMENTATION_COMMENTS = YES;
				CLANG_WARN_EMPTY_BODY = YES;
				CLANG_WARN_ENUM_CONVERSION = YES;
				CLANG_WARN_INFINITE_RECURSION = YES;
				CLANG_WARN_INT_CONVERSION = YES;
				CLANG_WARN_NON_LITERAL_NULL_CONVERSION = YES;
				CLANG_WARN_OBJC_IMPLICIT_RETAIN_SELF = YES;
				CLANG_WARN_OBJC_LITERAL_CONVERSION = YES;
				CLANG_WARN_OBJC_ROOT_CLASS = YES_ERROR;
				CLANG_WARN_QUOTED_INCLUDE_IN_FRAMEWORK_HEADER = YES;
				CLANG_WARN_RANGE_LOOP_ANALYSIS = YES;
				CLANG_WARN_STRICT_PROTOTYPES = YES;
				CLANG_WARN_SUSPICIOUS_MOVE = YES;
				CLANG_WARN_UNGUARDED_AVAILABILITY = YES_AGGRESSIVE;
				CLANG_WARN_UNREACHABLE_CODE = YES;
				CLANG_WARN__DUPLICATE_METHOD_MATCH = YES;
				COPY_PHASE_STRIP = NO;
				DEBUG_INFORMATION_FORMAT = "dwarf-with-dsym";
				ENABLE_NS_ASSERTIONS = NO;
				ENABLE_STRICT_OBJC_MSGSEND = YES;
				GCC_C_LANGUAGE_STANDARD = gnu11;
				GCC_NO_COMMON_BLOCKS = YES;
				GCC_WARN_64_TO_32_BIT_CONVERSION = YES;
				GCC_WARN_ABOUT_RETURN_TYPE = YES_ERROR;
				GCC_WARN_UNDECLARED_SELECTOR = YES;
				GCC_WARN_UNINITIALIZED_AUTOS = YES_AGGRESSIVE;
				GCC_WARN_UNUSED_FUNCTION = YES;
				GCC_WARN_UNUSED_VARIABLE = YES;
				MACOSX_DEPLOYMENT_TARGET = 10.15;
				MTL_ENABLE_DEBUG_INFO = NO;
				MTL_FAST_MATH = YES;
				SDKROOT = macosx;
				SWIFT_COMPILATION_MODE = wholemodule;
				SWIFT_OPTIMIZATION_LEVEL = "-O";
			};
			name = Release;
		};
		CCBCA9372661C90B00847642 /* Debug */ = {
			isa = XCBuildConfiguration;
			baseConfigurationReference = DBCE8B6A701F7C941CB11D22 /* Pods-SI Converter.debug.xcconfig */;
			buildSettings = {
				ASSETCATALOG_COMPILER_APPICON_NAME = Icon;
				ASSETCATALOG_COMPILER_GLOBAL_ACCENT_COLOR_NAME = AccentColor;
				CODE_SIGN_ENTITLEMENTS = "SI Converter/SI_Converter.entitlements";
				CODE_SIGN_STYLE = Automatic;
				COMBINE_HIDPI_IMAGES = YES;
				DEVELOPMENT_TEAM = B8KP35A72P;
				ENABLE_HARDENED_RUNTIME = YES;
				INFOPLIST_FILE = "SI Converter/Info.plist";
				LD_RUNPATH_SEARCH_PATHS = (
					"$(inherited)",
					"@executable_path/../Frameworks",
				);
				PRODUCT_BUNDLE_IDENTIFIER = "seba.sanblas.SI-Converter";
				PRODUCT_NAME = "$(TARGET_NAME)";
				SWIFT_VERSION = 5.0;
			};
			name = Debug;
		};
		CCBCA9382661C90B00847642 /* Release */ = {
			isa = XCBuildConfiguration;
			baseConfigurationReference = A4A23EF430C9B695E4AF7B3D /* Pods-SI Converter.release.xcconfig */;
			buildSettings = {
				ASSETCATALOG_COMPILER_APPICON_NAME = Icon;
				ASSETCATALOG_COMPILER_GLOBAL_ACCENT_COLOR_NAME = AccentColor;
				CODE_SIGN_ENTITLEMENTS = "SI Converter/SI_Converter.entitlements";
				CODE_SIGN_STYLE = Automatic;
				COMBINE_HIDPI_IMAGES = YES;
				DEVELOPMENT_TEAM = B8KP35A72P;
				ENABLE_HARDENED_RUNTIME = YES;
				INFOPLIST_FILE = "SI Converter/Info.plist";
				LD_RUNPATH_SEARCH_PATHS = (
					"$(inherited)",
					"@executable_path/../Frameworks",
				);
				PRODUCT_BUNDLE_IDENTIFIER = "seba.sanblas.SI-Converter";
				PRODUCT_NAME = "$(TARGET_NAME)";
				SWIFT_VERSION = 5.0;
			};
			name = Release;
		};
		CCBCA93A2661C90B00847642 /* Debug */ = {
			isa = XCBuildConfiguration;
			baseConfigurationReference = 28F1088BFA4F421902E46517 /* Pods-SI ConverterTests.debug.xcconfig */;
			buildSettings = {
				ALWAYS_EMBED_SWIFT_STANDARD_LIBRARIES = YES;
				BUNDLE_LOADER = "$(TEST_HOST)";
				CODE_SIGN_STYLE = Automatic;
				COMBINE_HIDPI_IMAGES = YES;
				DEVELOPMENT_TEAM = B8KP35A72P;
				INFOPLIST_FILE = "SI ConverterTests/Info.plist";
				LD_RUNPATH_SEARCH_PATHS = (
					"$(inherited)",
					"@executable_path/../Frameworks",
					"@loader_path/../Frameworks",
				);
				MACOSX_DEPLOYMENT_TARGET = 10.15;
				PRODUCT_BUNDLE_IDENTIFIER = "seba.sanblas.SI-ConverterTests";
				PRODUCT_NAME = "$(TARGET_NAME)";
				SWIFT_VERSION = 5.0;
				TEST_HOST = "$(BUILT_PRODUCTS_DIR)/SI Converter.app/Contents/MacOS/SI Converter";
			};
			name = Debug;
		};
		CCBCA93B2661C90B00847642 /* Release */ = {
			isa = XCBuildConfiguration;
			baseConfigurationReference = 7AE8E5D06E48CD16E4B37BB3 /* Pods-SI ConverterTests.release.xcconfig */;
			buildSettings = {
				ALWAYS_EMBED_SWIFT_STANDARD_LIBRARIES = YES;
				BUNDLE_LOADER = "$(TEST_HOST)";
				CODE_SIGN_STYLE = Automatic;
				COMBINE_HIDPI_IMAGES = YES;
				DEVELOPMENT_TEAM = B8KP35A72P;
				INFOPLIST_FILE = "SI ConverterTests/Info.plist";
				LD_RUNPATH_SEARCH_PATHS = (
					"$(inherited)",
					"@executable_path/../Frameworks",
					"@loader_path/../Frameworks",
				);
				MACOSX_DEPLOYMENT_TARGET = 10.15;
				PRODUCT_BUNDLE_IDENTIFIER = "seba.sanblas.SI-ConverterTests";
				PRODUCT_NAME = "$(TARGET_NAME)";
				SWIFT_VERSION = 5.0;
				TEST_HOST = "$(BUILT_PRODUCTS_DIR)/SI Converter.app/Contents/MacOS/SI Converter";
			};
			name = Release;
		};
		CCBCA93D2661C90B00847642 /* Debug */ = {
			isa = XCBuildConfiguration;
			baseConfigurationReference = 879480197E07C7045D68ED59 /* Pods-SI Converter-SI ConverterUITests.debug.xcconfig */;
			buildSettings = {
				ALWAYS_EMBED_SWIFT_STANDARD_LIBRARIES = YES;
				CODE_SIGN_STYLE = Automatic;
				COMBINE_HIDPI_IMAGES = YES;
				DEVELOPMENT_TEAM = B8KP35A72P;
				INFOPLIST_FILE = "SI ConverterUITests/Info.plist";
				LD_RUNPATH_SEARCH_PATHS = (
					"$(inherited)",
					"@executable_path/../Frameworks",
					"@loader_path/../Frameworks",
				);
				PRODUCT_BUNDLE_IDENTIFIER = "seba.sanblas.SI-ConverterUITests";
				PRODUCT_NAME = "$(TARGET_NAME)";
				SWIFT_VERSION = 5.0;
				TEST_TARGET_NAME = "SI Converter";
			};
			name = Debug;
		};
		CCBCA93E2661C90B00847642 /* Release */ = {
			isa = XCBuildConfiguration;
			baseConfigurationReference = 4ADB97D5240670BB47DDF8B5 /* Pods-SI Converter-SI ConverterUITests.release.xcconfig */;
			buildSettings = {
				ALWAYS_EMBED_SWIFT_STANDARD_LIBRARIES = YES;
				CODE_SIGN_STYLE = Automatic;
				COMBINE_HIDPI_IMAGES = YES;
				DEVELOPMENT_TEAM = B8KP35A72P;
				INFOPLIST_FILE = "SI ConverterUITests/Info.plist";
				LD_RUNPATH_SEARCH_PATHS = (
					"$(inherited)",
					"@executable_path/../Frameworks",
					"@loader_path/../Frameworks",
				);
				PRODUCT_BUNDLE_IDENTIFIER = "seba.sanblas.SI-ConverterUITests";
				PRODUCT_NAME = "$(TARGET_NAME)";
				SWIFT_VERSION = 5.0;
				TEST_TARGET_NAME = "SI Converter";
			};
			name = Release;
		};
/* End XCBuildConfiguration section */

/* Begin XCConfigurationList section */
		CCBCA90B2661C90900847642 /* Build configuration list for PBXProject "SI Converter" */ = {
			isa = XCConfigurationList;
			buildConfigurations = (
				CCBCA9342661C90B00847642 /* Debug */,
				CCBCA9352661C90B00847642 /* Release */,
			);
			defaultConfigurationIsVisible = 0;
			defaultConfigurationName = Release;
		};
		CCBCA9362661C90B00847642 /* Build configuration list for PBXNativeTarget "SI Converter" */ = {
			isa = XCConfigurationList;
			buildConfigurations = (
				CCBCA9372661C90B00847642 /* Debug */,
				CCBCA9382661C90B00847642 /* Release */,
			);
			defaultConfigurationIsVisible = 0;
			defaultConfigurationName = Release;
		};
		CCBCA9392661C90B00847642 /* Build configuration list for PBXNativeTarget "SI ConverterTests" */ = {
			isa = XCConfigurationList;
			buildConfigurations = (
				CCBCA93A2661C90B00847642 /* Debug */,
				CCBCA93B2661C90B00847642 /* Release */,
			);
			defaultConfigurationIsVisible = 0;
			defaultConfigurationName = Release;
		};
		CCBCA93C2661C90B00847642 /* Build configuration list for PBXNativeTarget "SI ConverterUITests" */ = {
			isa = XCConfigurationList;
			buildConfigurations = (
				CCBCA93D2661C90B00847642 /* Debug */,
				CCBCA93E2661C90B00847642 /* Release */,
			);
			defaultConfigurationIsVisible = 0;
			defaultConfigurationName = Release;
		};
/* End XCConfigurationList section */
	};
	rootObject = CCBCA9082661C90900847642 /* Project object */;
}
